
Microsoft Visual Studio Solution File, Format Version 12.00
# Visual Studio 15
VisualStudioVersion = 15.0.28307.102
MinimumVisualStudioVersion = 10.0.40219.1
Project("{FAE04EC0-301F-11D3-BF4B-00C04F79EFBC}") = "Northwind.Dal", "Northwind.Dal\Northwind.Dal.csproj", "{0FE4E7DF-FD12-455F-827F-787CA62B4B1E}"
EndProject
Project("{FAE04EC0-301F-11D3-BF4B-00C04F79EFBC}") = "Northwind.ConsoleApp", "Northwind.ConsoleApp\Northwind.ConsoleApp.csproj", "{5804DD65-8042-4690-955D-08ED1BC47902}"
EndProject
Global
	GlobalSection(SolutionConfigurationPlatforms) = preSolution
		Debug|Any CPU = Debug|Any CPU
		Release|Any CPU = Release|Any CPU
	EndGlobalSection
	GlobalSection(ProjectConfigurationPlatforms) = postSolution
		{0FE4E7DF-FD12-455F-827F-787CA62B4B1E}.Debug|Any CPU.ActiveCfg = Debug|Any CPU
		{0FE4E7DF-FD12-455F-827F-787CA62B4B1E}.Debug|Any CPU.Build.0 = Debug|Any CPU
		{0FE4E7DF-FD12-455F-827F-787CA62B4B1E}.Release|Any CPU.ActiveCfg = Release|Any CPU
		{0FE4E7DF-FD12-455F-827F-787CA62B4B1E}.Release|Any CPU.Build.0 = Release|Any CPU
		{5804DD65-8042-4690-955D-08ED1BC47902}.Debug|Any CPU.ActiveCfg = Debug|Any CPU
		{5804DD65-8042-4690-955D-08ED1BC47902}.Debug|Any CPU.Build.0 = Debug|Any CPU
		{5804DD65-8042-4690-955D-08ED1BC47902}.Release|Any CPU.ActiveCfg = Release|Any CPU
		{5804DD65-8042-4690-955D-08ED1BC47902}.Release|Any CPU.Build.0 = Release|Any CPU
	EndGlobalSection
	GlobalSection(SolutionProperties) = preSolution
		HideSolutionNode = FALSE
	EndGlobalSection
	GlobalSection(ExtensibilityGlobals) = postSolution
		SolutionGuid = {AF95A518-670D-40AC-8BE4-53F06E945BDF}
	EndGlobalSection
EndGlobal
